
Microsoft Visual Studio Solution File, Format Version 12.00
# Visual Studio Version 17
VisualStudioVersion = 17.9.34728.123
MinimumVisualStudioVersion = 10.0.40219.1
Project("{FAE04EC0-301F-11D3-BF4B-00C04F79EFBC}") = "TestProject", "TestProject.csproj", "{4376DC63-2C2E-46D3-B8EA-01DC4C131DE7}"
EndProject
Project("{FAE04EC0-301F-11D3-BF4B-00C04F79EFBC}") = "ClassLibrary", "..\ClassLibrary\ClassLibrary.csproj", "{7AEA9343-5DA9-4539-8529-68367724CFAC}"
EndProject
Global
	GlobalSection(SolutionConfigurationPlatforms) = preSolution
		Debug|Any CPU = Debug|Any CPU
		Release|Any CPU = Release|Any CPU
	EndGlobalSection
	GlobalSection(ProjectConfigurationPlatforms) = postSolution
		{4376DC63-2C2E-46D3-B8EA-01DC4C131DE7}.Debug|Any CPU.ActiveCfg = Debug|Any CPU
		{4376DC63-2C2E-46D3-B8EA-01DC4C131DE7}.Debug|Any CPU.Build.0 = Debug|Any CPU
		{4376DC63-2C2E-46D3-B8EA-01DC4C131DE7}.Release|Any CPU.ActiveCfg = Release|Any CPU
		{4376DC63-2C2E-46D3-B8EA-01DC4C131DE7}.Release|Any CPU.Build.0 = Release|Any CPU
		{7AEA9343-5DA9-4539-8529-68367724CFAC}.Debug|Any CPU.ActiveCfg = Debug|Any CPU
		{7AEA9343-5DA9-4539-8529-68367724CFAC}.Debug|Any CPU.Build.0 = Debug|Any CPU
		{7AEA9343-5DA9-4539-8529-68367724CFAC}.Release|Any CPU.ActiveCfg = Release|Any CPU
		{7AEA9343-5DA9-4539-8529-68367724CFAC}.Release|Any CPU.Build.0 = Release|Any CPU
	EndGlobalSection
	GlobalSection(SolutionProperties) = preSolution
		HideSolutionNode = FALSE
	EndGlobalSection
	GlobalSection(ExtensibilityGlobals) = postSolution
		SolutionGuid = {AC1586D0-0E8F-4081-AC18-6F6B5413A608}
	EndGlobalSection
EndGlobal
